{
  "name": "dp-gnosis-bench",
  "lockfileVersion": 3,
  "requires": true,
  "packages": {
    "": {
      "name": "dp-gnosis-bench",
      "dependencies": {
        "hyparquet": "1.28.2"
      }
    },
    "node_modules/hyparquet": {
      "version": "1.28.2",
      "resolved": "https://registry.npmjs.org/hyparquet/-/hyparquet-1.28.2.tgz",
      "integrity": "sha512-+24r0j3oA8dzFYQlPfSeua5JacoPmJPSqbyEGbhleuahOJ2cablgXTk862Pq8sMjkw7/uPucLgPpIOJzWxR8Jg==",
      "license": "MIT"
    }
  }
}
